
Microsoft Visual Studio Solution File, Format Version 12.00
# Visual Studio Version 17
VisualStudioVersion = 17.13.35825.156
MinimumVisualStudioVersion = 10.0.40219.1
Project("{8BC9CEB8-8B4A-11D0-8D11-00A0C91BC942}") = "Day04", "Day04.vcxproj", "{AB3D3201-89CE-4CB7-B6C9-999795424A09}"
EndProject
Project("{2150E333-8FDC-42A3-9474-1A3956D46DE8}") = "Solution Items", "Solution Items", "{C8D5274F-AC00-46C7-1F8D-E88E81087A52}"
	ProjectSection(SolutionItems) = preProject
		.editorconfig = .editorconfig
	EndProjectSection
EndProject
Global
	GlobalSection(SolutionConfigurationPlatforms) = preSolution
		Debug|x64 = Debug|x64
		Debug|x86 = Debug|x86
		Release|x64 = Release|x64
		Release|x86 = Release|x86
	EndGlobalSection
	GlobalSection(ProjectConfigurationPlatforms) = postSolution
		{AB3D3201-89CE-4CB7-B6C9-999795424A09}.Debug|x64.ActiveCfg = Debug|x64
		{AB3D3201-89CE-4CB7-B6C9-999795424A09}.Debug|x64.Build.0 = Debug|x64
		{AB3D3201-89CE-4CB7-B6C9-999795424A09}.Debug|x86.ActiveCfg = Debug|Win32
		{AB3D3201-89CE-4CB7-B6C9-999795424A09}.Debug|x86.Build.0 = Debug|Win32
		{AB3D3201-89CE-4CB7-B6C9-999795424A09}.Release|x64.ActiveCfg = Release|x64
		{AB3D3201-89CE-4CB7-B6C9-999795424A09}.Release|x64.Build.0 = Release|x64
		{AB3D3201-89CE-4CB7-B6C9-999795424A09}.Release|x86.ActiveCfg = Release|Win32
		{AB3D3201-89CE-4CB7-B6C9-999795424A09}.Release|x86.Build.0 = Release|Win32
	EndGlobalSection
	GlobalSection(SolutionProperties) = preSolution
		HideSolutionNode = FALSE
	EndGlobalSection
	GlobalSection(ExtensibilityGlobals) = postSolution
		SolutionGuid = {E93AA1FF-9C27-4AFA-B635-8294474903CA}
	EndGlobalSection
EndGlobal
